
Microsoft Visual Studio Solution File, Format Version 12.00
# Visual Studio Version 16
VisualStudioVersion = 16.0.32929.386
MinimumVisualStudioVersion = 10.0.40219.1
Project("{FAE04EC0-301F-11D3-BF4B-00C04F79EFBC}") = "GC1.ReadPoint", "GeoCourse1\GC1.ReadPoint.csproj", "{8FD428D2-6CB0-42E0-BE08-42A73FAB21CE}"
EndProject
Project("{FAE04EC0-301F-11D3-BF4B-00C04F79EFBC}") = "GC2.LevelingMeasurement", "GeoCourse2\GC2.LevelingMeasurement.csproj", "{9D6814BC-4C22-4115-AFF4-0ED3DFB794D4}"
EndProject
Project("{FAE04EC0-301F-11D3-BF4B-00C04F79EFBC}") = "Test", "Test\Test.csproj", "{1D7E4544-C63B-4E24-B73A-FA74D41ACB1D}"
EndProject
Project("{FAE04EC0-301F-11D3-BF4B-00C04F79EFBC}") = "GC3.Rad_DMS", "GeoCourse3\GC3.Rad_DMS.csproj", "{BA4011FA-DE12-45F2-A52B-15C397414CBC}"
EndProject
Project("{FAE04EC0-301F-11D3-BF4B-00C04F79EFBC}") = "GC4.ClosedLevelingAdjustment", "GeoCourse4\GC4.ClosedLevelingAdjustment.csproj", "{A446C8A4-4EC6-4696-A80E-C8C9DA2B9F76}"
EndProject
Project("{FAE04EC0-301F-11D3-BF4B-00C04F79EFBC}") = "GC5.DetermineStatement", "GeoCourse5\GC5.DetermineStatement.csproj", "{2CCF504C-2E29-4B15-A4C1-E6363DC7E78D}"
EndProject
Project("{FAE04EC0-301F-11D3-BF4B-00C04F79EFBC}") = "GC6.StudentRanking", "GeoCourse6\GC6.StudentRanking.csproj", "{9064DC0B-36DD-4C63-A6BA-40EE009C7340}"
EndProject
Project("{FAE04EC0-301F-11D3-BF4B-00C04F79EFBC}") = "GC7.MatrixAlgebra", "GeoCourse7\GC7.MatrixAlgebra.csproj", "{59751712-B3CE-4648-A0A1-D2AE4095EDB9}"
EndProject
Project("{FAE04EC0-301F-11D3-BF4B-00C04F79EFBC}") = "GC8.FileOperation", "GeoCourse8\GC8.FileOperation.csproj", "{1C81E39C-C35C-44C7-BFFB-B0B84C2BFA7B}"
EndProject
Global
	GlobalSection(SolutionConfigurationPlatforms) = preSolution
		Debug|Any CPU = Debug|Any CPU
		Release|Any CPU = Release|Any CPU
	EndGlobalSection
	GlobalSection(ProjectConfigurationPlatforms) = postSolution
		{8FD428D2-6CB0-42E0-BE08-42A73FAB21CE}.Debug|Any CPU.ActiveCfg = Debug|Any CPU
		{8FD428D2-6CB0-42E0-BE08-42A73FAB21CE}.Debug|Any CPU.Build.0 = Debug|Any CPU
		{8FD428D2-6CB0-42E0-BE08-42A73FAB21CE}.Release|Any CPU.ActiveCfg = Release|Any CPU
		{8FD428D2-6CB0-42E0-BE08-42A73FAB21CE}.Release|Any CPU.Build.0 = Release|Any CPU
		{9D6814BC-4C22-4115-AFF4-0ED3DFB794D4}.Debug|Any CPU.ActiveCfg = Debug|Any CPU
		{9D6814BC-4C22-4115-AFF4-0ED3DFB794D4}.Debug|Any CPU.Build.0 = Debug|Any CPU
		{9D6814BC-4C22-4115-AFF4-0ED3DFB794D4}.Release|Any CPU.ActiveCfg = Release|Any CPU
		{9D6814BC-4C22-4115-AFF4-0ED3DFB794D4}.Release|Any CPU.Build.0 = Release|Any CPU
		{1D7E4544-C63B-4E24-B73A-FA74D41ACB1D}.Debug|Any CPU.ActiveCfg = Debug|Any CPU
		{1D7E4544-C63B-4E24-B73A-FA74D41ACB1D}.Debug|Any CPU.Build.0 = Debug|Any CPU
		{1D7E4544-C63B-4E24-B73A-FA74D41ACB1D}.Release|Any CPU.ActiveCfg = Release|Any CPU
		{1D7E4544-C63B-4E24-B73A-FA74D41ACB1D}.Release|Any CPU.Build.0 = Release|Any CPU
		{BA4011FA-DE12-45F2-A52B-15C397414CBC}.Debug|Any CPU.ActiveCfg = Debug|Any CPU
		{BA4011FA-DE12-45F2-A52B-15C397414CBC}.Debug|Any CPU.Build.0 = Debug|Any CPU
		{BA4011FA-DE12-45F2-A52B-15C397414CBC}.Release|Any CPU.ActiveCfg = Release|Any CPU
		{BA4011FA-DE12-45F2-A52B-15C397414CBC}.Release|Any CPU.Build.0 = Release|Any CPU
		{A446C8A4-4EC6-4696-A80E-C8C9DA2B9F76}.Debug|Any CPU.ActiveCfg = Debug|Any CPU
		{A446C8A4-4EC6-4696-A80E-C8C9DA2B9F76}.Debug|Any CPU.Build.0 = Debug|Any CPU
		{A446C8A4-4EC6-4696-A80E-C8C9DA2B9F76}.Release|Any CPU.ActiveCfg = Release|Any CPU
		{A446C8A4-4EC6-4696-A80E-C8C9DA2B9F76}.Release|Any CPU.Build.0 = Release|Any CPU
		{2CCF504C-2E29-4B15-A4C1-E6363DC7E78D}.Debug|Any CPU.ActiveCfg = Debug|Any CPU
		{2CCF504C-2E29-4B15-A4C1-E6363DC7E78D}.Debug|Any CPU.Build.0 = Debug|Any CPU
		{2CCF504C-2E29-4B15-A4C1-E6363DC7E78D}.Release|Any CPU.ActiveCfg = Release|Any CPU
		{2CCF504C-2E29-4B15-A4C1-E6363DC7E78D}.Release|Any CPU.Build.0 = Release|Any CPU
		{9064DC0B-36DD-4C63-A6BA-40EE009C7340}.Debug|Any CPU.ActiveCfg = Debug|Any CPU
		{9064DC0B-36DD-4C63-A6BA-40EE009C7340}.Debug|Any CPU.Build.0 = Debug|Any CPU
		{9064DC0B-36DD-4C63-A6BA-40EE009C7340}.Release|Any CPU.ActiveCfg = Release|Any CPU
		{9064DC0B-36DD-4C63-A6BA-40EE009C7340}.Release|Any CPU.Build.0 = Release|Any CPU
		{59751712-B3CE-4648-A0A1-D2AE4095EDB9}.Debug|Any CPU.ActiveCfg = Debug|Any CPU
		{59751712-B3CE-4648-A0A1-D2AE4095EDB9}.Debug|Any CPU.Build.0 = Debug|Any CPU
		{59751712-B3CE-4648-A0A1-D2AE4095EDB9}.Release|Any CPU.ActiveCfg = Release|Any CPU
		{59751712-B3CE-4648-A0A1-D2AE4095EDB9}.Release|Any CPU.Build.0 = Release|Any CPU
		{1C81E39C-C35C-44C7-BFFB-B0B84C2BFA7B}.Debug|Any CPU.ActiveCfg = Debug|Any CPU
		{1C81E39C-C35C-44C7-BFFB-B0B84C2BFA7B}.Debug|Any CPU.Build.0 = Debug|Any CPU
		{1C81E39C-C35C-44C7-BFFB-B0B84C2BFA7B}.Release|Any CPU.ActiveCfg = Release|Any CPU
		{1C81E39C-C35C-44C7-BFFB-B0B84C2BFA7B}.Release|Any CPU.Build.0 = Release|Any CPU
	EndGlobalSection
	GlobalSection(SolutionProperties) = preSolution
		HideSolutionNode = FALSE
	EndGlobalSection
	GlobalSection(ExtensibilityGlobals) = postSolution
		SolutionGuid = {22A370EB-A839-445F-899F-B7136299CF7F}
	EndGlobalSection
EndGlobal
